github.com/davecgh/go-spew v1.1.0/go.mod h1:J7Y8YcW2NihsgmVo/mv3lAwl/skON4iLHjSsI+c5H38=
github.com/pmezard/go-difflib v1.0.0/go.mod h1:iKH77koFhYxTK1pcRnkKkqfTogsbg7gZNVY4sRDYZ/4=
github.com/qri-io/jsonpointer v0.1.1 h1:prVZBZLL6TW5vsSB9fFHFAMBLI4b0ri5vribQlTJiBA=
github.com/qri-io/jsonpointer v0.1.1/go.mod h1:DnJPaYgiKu56EuDp8TU5wFLdZIcAnb/uH9v37ZaMV64=
github.com/qri-io/jsonschema v0.2.1 h1:NNFoKms+kut6ABPf6xiKNM5214jzxAhDBrPHCJ97Wg0=
github.com/qri-io/jsonschema v0.2.1/go.mod h1:g7DPkiOsK1xv6T/Ao5scXRkd+yTFygcANPBaaqW+VrI=
github.com/sergi/go-diff v1.0.0 h1:Kpca3qRNrduNnOQeazBd0ysaKrUJiIuISHxogkT9RPQ=
github.com/sergi/go-diff v1.0.0/go.mod h1:0CfEIISq7TuYL3j771MWULgwwjU+GofnZX9QAmXWZgo=
github.com/stretchr/objx v0.1.0/go.mod h1:HFkY916IF+rwdDfMAkV7OtwuqBVzrE8GR6GFx+wExME=
github.com/stretchr/testify v1.3.0/go.mod h1:M5WIy9Dh21IEIfnGCwXGc5bZfKNJtfHm1UVUgZn+9EI=
golang.org/x/sync v0.0.0-20220513210516-0976fa681c29 h1:w8s32wxx3sY+OjLlv9qltkLU5yvJzxjjgiHWLjdIcw4=
golang.org/x/sync v0.0.0-20220513210516-0976fa681c29/go.mod h1:RxMgew5VJxzue5/jJTE5uejpjVlOe/izrB70Jof72aM=
golang.org/x/sync v0.1.0 h1:wsuoTGHzEhffawBOhz5CYhcrV4IdKZbEyZjBMuTp12o=
golang.org/x/sync v0.1.0/go.mod h1:RxMgew5VJxzue5/jJTE5uejpjVlOe/izrB70Jof72aM=
